
Microsoft Visual Studio Solution File, Format Version 12.00
# Visual Studio 14
VisualStudioVersion = 14.0.25420.1
MinimumVisualStudioVersion = 10.0.40219.1
Project("{FAE04EC0-301F-11D3-BF4B-00C04F79EFBC}") = "Problem01", "Problem01\Problem01.csproj", "{1F1C6410-50EE-4DD4-B5A8-4026A42069EA}"
EndProject
Project("{FAE04EC0-301F-11D3-BF4B-00C04F79EFBC}") = "Problem04", "..\Week2\Problem04\Problem04.csproj", "{8BFBFE18-C87C-490D-8801-4BE99507BD25}"
EndProject
Global
	GlobalSection(SolutionConfigurationPlatforms) = preSolution
		Debug|Any CPU = Debug|Any CPU
		Release|Any CPU = Release|Any CPU
	EndGlobalSection
	GlobalSection(ProjectConfigurationPlatforms) = postSolution
		{1F1C6410-50EE-4DD4-B5A8-4026A42069EA}.Debug|Any CPU.ActiveCfg = Debug|Any CPU
		{1F1C6410-50EE-4DD4-B5A8-4026A42069EA}.Debug|Any CPU.Build.0 = Debug|Any CPU
		{1F1C6410-50EE-4DD4-B5A8-4026A42069EA}.Release|Any CPU.ActiveCfg = Release|Any CPU
		{1F1C6410-50EE-4DD4-B5A8-4026A42069EA}.Release|Any CPU.Build.0 = Release|Any CPU
		{8BFBFE18-C87C-490D-8801-4BE99507BD25}.Debug|Any CPU.ActiveCfg = Debug|Any CPU
		{8BFBFE18-C87C-490D-8801-4BE99507BD25}.Debug|Any CPU.Build.0 = Debug|Any CPU
		{8BFBFE18-C87C-490D-8801-4BE99507BD25}.Release|Any CPU.ActiveCfg = Release|Any CPU
		{8BFBFE18-C87C-490D-8801-4BE99507BD25}.Release|Any CPU.Build.0 = Release|Any CPU
	EndGlobalSection
	GlobalSection(SolutionProperties) = preSolution
		HideSolutionNode = FALSE
	EndGlobalSection
EndGlobal
